
Microsoft Visual Studio Solution File, Format Version 12.00
# Visual Studio Version 16
VisualStudioVersion = 16.0.31019.35
MinimumVisualStudioVersion = 10.0.40219.1
Project("{FAE04EC0-301F-11D3-BF4B-00C04F79EFBC}") = "GEO", "GEO\GEO.csproj", "{6CCE5AB5-7E14-47A8-A166-C0950B589D96}"
EndProject
Global
	GlobalSection(SolutionConfigurationPlatforms) = preSolution
		Debug|Any CPU = Debug|Any CPU
		Release|Any CPU = Release|Any CPU
	EndGlobalSection
	GlobalSection(ProjectConfigurationPlatforms) = postSolution
		{6CCE5AB5-7E14-47A8-A166-C0950B589D96}.Debug|Any CPU.ActiveCfg = Debug|Any CPU
		{6CCE5AB5-7E14-47A8-A166-C0950B589D96}.Debug|Any CPU.Build.0 = Debug|Any CPU
		{6CCE5AB5-7E14-47A8-A166-C0950B589D96}.Release|Any CPU.ActiveCfg = Release|Any CPU
		{6CCE5AB5-7E14-47A8-A166-C0950B589D96}.Release|Any CPU.Build.0 = Release|Any CPU
	EndGlobalSection
	GlobalSection(SolutionProperties) = preSolution
		HideSolutionNode = FALSE
	EndGlobalSection
	GlobalSection(ExtensibilityGlobals) = postSolution
		SolutionGuid = {892DF3BA-3049-4800-8D61-C40309D21270}
	EndGlobalSection
EndGlobal
